
Microsoft Visual Studio Solution File, Format Version 11.00
# Visual C# Express 2010
Project("{FAE04EC0-301F-11D3-BF4B-00C04F79EFBC}") = "Sunday Bloody Sunday", "Sunday Bloody Sunday\Sunday Bloody Sunday\Sunday Bloody Sunday.csproj", "{E0B6A19E-B1ED-492B-AA03-0AEFC8F26C52}"
EndProject
Project("{FAE04EC0-301F-11D3-BF4B-00C04F79EFBC}") = "Sunday Bloody SundayContent", "Sunday Bloody Sunday\Sunday Bloody SundayContent\Sunday Bloody SundayContent.contentproj", "{A77547E6-9A2C-4BA1-8C64-E50973B9EA29}"
EndProject
Global
	GlobalSection(SolutionConfigurationPlatforms) = preSolution
		Debug|x86 = Debug|x86
		Release|x86 = Release|x86
	EndGlobalSection
	GlobalSection(ProjectConfigurationPlatforms) = postSolution
		{E0B6A19E-B1ED-492B-AA03-0AEFC8F26C52}.Debug|x86.ActiveCfg = Debug|x86
		{E0B6A19E-B1ED-492B-AA03-0AEFC8F26C52}.Debug|x86.Build.0 = Debug|x86
		{E0B6A19E-B1ED-492B-AA03-0AEFC8F26C52}.Release|x86.ActiveCfg = Release|x86
		{E0B6A19E-B1ED-492B-AA03-0AEFC8F26C52}.Release|x86.Build.0 = Release|x86
		{A77547E6-9A2C-4BA1-8C64-E50973B9EA29}.Debug|x86.ActiveCfg = Debug|x86
		{A77547E6-9A2C-4BA1-8C64-E50973B9EA29}.Release|x86.ActiveCfg = Release|x86
	EndGlobalSection
	GlobalSection(SolutionProperties) = preSolution
		HideSolutionNode = FALSE
	EndGlobalSection
EndGlobal
